version = 1
revision = 2
requires-python = ">=3.11.3, <3.13"

[[package]]
name = "annotated-types"
version = "0.5.0"
source = { registry = "https://pypi.org/simple" }
sdist = { url = "https://files.pythonhosted.org/packages/42/97/41ccb6acac36fdd13592a686a21b311418f786f519e5794b957afbcea938/annotated_types-0.5.0.tar.gz", hash = "sha256:47cdc3490d9ac1506ce92c7aaa76c579dc3509ff11e098fc867e5130ab7be802", size = 13504, upload-time = "2023-05-31T19:09:57.294Z" }
wheels = [
    { url = "https://files.pythonhosted.org/packages/d8/f0/a2ee543a96cc624c35a9086f39b1ed2aa403c6d355dfe47a11ee5c64a164/annotated_types-0.5.0-py3-none-any.whl", hash = "sha256:58da39888f92c276ad970249761ebea80ba544b77acddaa1a4d6cf78287d45fd", size = 11136, upload-time = "2023-05-31T19:09:56.141Z" },
]

[[package]]
name = "black"
version = "23.3.0"
source = { registry = "https://pypi.org/simple" }
dependencies = [
    { name = "click" },
    { name = "mypy-extensions" },
    { name = "packaging" },
    { name = "pathspec" },
    { name = "platformdirs" },
]
sdist = { url = "https://files.pythonhosted.org/packages/d6/36/66370f5017b100225ec4950a60caeef60201a10080da57ddb24124453fba/black-23.3.0.tar.gz", hash = "sha256:1c7b8d606e728a41ea1ccbd7264677e494e87cf630e399262ced92d4a8dac940", size = 582156, upload-time = "2023-03-29T01:00:54.457Z" }
wheels = [
    { url = "https://files.pythonhosted.org/packages/d7/6f/d3832960a3b646b333b7f0d80d336a3c123012e9d9d5dba4a622b2b6181d/black-23.3.0-cp311-cp311-macosx_10_16_arm64.whl", hash = "sha256:a8a968125d0a6a404842fa1bf0b349a568634f856aa08ffaff40ae0dfa52e7c6", size = 1326112, upload-time = "2023-03-29T01:19:05.794Z" },
    { url = "https://files.pythonhosted.org/packages/eb/a5/17b40bfd9b607b69fa726b0b3a473d14b093dcd5191ea1a1dd664eccfee3/black-23.3.0-cp311-cp311-macosx_10_16_universal2.whl", hash = "sha256:c7ab5790333c448903c4b721b59c0d80b11fe5e9803d8703e84dcb8da56fec1b", size = 2643808, upload-time = "2023-03-29T01:25:27.825Z" },
    { url = "https://files.pythonhosted.org/packages/69/49/7e1f0cf585b0d607aad3f971f95982cc4208fc77f92363d632d23021ee57/black-23.3.0-cp311-cp311-macosx_10_16_x86_64.whl", hash = "sha256:a6f6886c9869d4daae2d1715ce34a19bbc4b95006d20ed785ca00fa03cba312d", size = 1503287, upload-time = "2023-03-29T01:28:35.228Z" },
    { url = "https://files.pythonhosted.org/packages/c0/53/42e312c17cfda5c8fc4b6b396a508218807a3fcbb963b318e49d3ddd11d5/black-23.3.0-cp311-cp311-manylinux_2_17_x86_64.manylinux2014_x86_64.whl", hash = "sha256:6f3c333ea1dd6771b2d3777482429864f8e258899f6ff05826c3a4fcc5ce3f70", size = 1638625, upload-time = "2023-03-29T01:11:16.193Z" },
    { url = "https://files.pythonhosted.org/packages/3f/0d/81dd4194ce7057c199d4f28e4c2a885082d9d929e7a55c514b23784f7787/black-23.3.0-cp311-cp311-win_amd64.whl", hash = "sha256:11c410f71b876f961d1de77b9699ad19f939094c3a677323f43d7a29855fe326", size = 1293585, upload-time = "2023-03-29T01:15:22.935Z" },
    { url = "https://files.pythonhosted.org/packages/ad/e7/4642b7f462381799393fbad894ba4b32db00870a797f0616c197b07129a9/black-23.3.0-py3-none-any.whl", hash = "sha256:ec751418022185b0c1bb7d7736e6933d40bbb14c14a0abcf9123d1b159f98dd4", size = 180965, upload-time = "2023-03-29T01:00:52.253Z" },
]

[[package]]
name = "build"
version = "1.2.2.post1"
source = { registry = "https://pypi.org/simple" }
dependencies = [
    { name = "colorama", marker = "os_name == 'nt'" },
    { name = "packaging" },
    { name = "pyproject-hooks" },
]
sdist = { url = "https://files.pythonhosted.org/packages/7d/46/aeab111f8e06793e4f0e421fcad593d547fb8313b50990f31681ee2fb1ad/build-1.2.2.post1.tar.gz", hash = "sha256:b36993e92ca9375a219c99e606a122ff365a760a2d4bba0caa09bd5278b608b7", size = 46701, upload-time = "2024-10-06T17:22:25.251Z" }
wheels = [
    { url = "https://files.pythonhosted.org/packages/84/c2/80633736cd183ee4a62107413def345f7e6e3c01563dbca1417363cf957e/build-1.2.2.post1-py3-none-any.whl", hash = "sha256:1d61c0887fa860c01971625baae8bdd338e517b836a2f70dd1f7aa3a6b2fc5b5", size = 22950, upload-time = "2024-10-06T17:22:23.299Z" },
]

[[package]]
name = "chardet"
version = "5.2.0"
source = { registry = "https://pypi.org/simple" }
sdist = { url = "https://files.pythonhosted.org/packages/f3/0d/f7b6ab21ec75897ed80c17d79b15951a719226b9fababf1e40ea74d69079/chardet-5.2.0.tar.gz", hash = "sha256:1b3b6ff479a8c414bc3fa2c0852995695c4a026dcd6d0633b2dd092ca39c1cf7", size = 2069618, upload-time = "2023-08-01T19:23:02.662Z" }
wheels = [
    { url = "https://files.pythonhosted.org/packages/38/6f/f5fbc992a329ee4e0f288c1fe0e2ad9485ed064cac731ed2fe47dcc38cbf/chardet-5.2.0-py3-none-any.whl", hash = "sha256:e1cf59446890a00105fe7b7912492ea04b6e6f06d4b742b2c788469e34c82970", size = 199385, upload-time = "2023-08-01T19:23:00.661Z" },
]

[[package]]
name = "click"
version = "8.1.3"
source = { registry = "https://pypi.org/simple" }
dependencies = [
    { name = "colorama", marker = "sys_platform == 'win32'" },
]
sdist = { url = "https://files.pythonhosted.org/packages/59/87/84326af34517fca8c58418d148f2403df25303e02736832403587318e9e8/click-8.1.3.tar.gz", hash = "sha256:7682dc8afb30297001674575ea00d1814d808d6a36af415a82bd481d37ba7b8e", size = 331147, upload-time = "2022-04-28T17:36:09.097Z" }
wheels = [
    { url = "https://files.pythonhosted.org/packages/c2/f1/df59e28c642d583f7dacffb1e0965d0e00b218e0186d7858ac5233dce840/click-8.1.3-py3-none-any.whl", hash = "sha256:bb4d8133cb15a609f44e8213d9b391b0809795062913b383c62be0ee95b1db48", size = 96588, upload-time = "2022-04-28T17:36:06.952Z" },
]

[[package]]
name = "colorama"
version = "0.4.6"
source = { registry = "https://pypi.org/simple" }
sdist = { url = "https://files.pythonhosted.org/packages/d8/53/6f443c9a4a8358a93a6792e2acffb9d9d5cb0a5cfd8802644b7b1c9a02e4/colorama-0.4.6.tar.gz", hash = "sha256:08695f5cb7ed6e0531a20572697297273c47b8cae5a63ffc6d6ed5c201be6e44", size = 27697, upload-time = "2022-10-25T02:36:22.414Z" }
wheels = [
    { url = "https://files.pythonhosted.org/packages/d1/d6/3965ed04c63042e047cb6a3e6ed1a63a35087b6a609aa3a15ed8ac56c221/colorama-0.4.6-py2.py3-none-any.whl", hash = "sha256:4f1d9991f5acc0ca119f9d443620b77f9d6b33703e51011c16baf57afb285fc6", size = 25335, upload-time = "2022-10-25T02:36:20.889Z" },
]

[[package]]
name = "et-xmlfile"
version = "1.1.0"
source = { registry = "https://pypi.org/simple" }
sdist = { url = "https://files.pythonhosted.org/packages/3d/5d/0413a31d184a20c763ad741cc7852a659bf15094c24840c5bdd1754765cd/et_xmlfile-1.1.0.tar.gz", hash = "sha256:8eb9e2bc2f8c97e37a2dc85a09ecdcdec9d8a396530a6d5a33b30b9a92da0c5c", size = 3218, upload-time = "2021-04-26T13:26:05.068Z" }
wheels = [
    { url = "https://files.pythonhosted.org/packages/96/c2/3dd434b0108730014f1b96fd286040dc3bcb70066346f7e01ec2ac95865f/et_xmlfile-1.1.0-py3-none-any.whl", hash = "sha256:a2ba85d1d6a74ef63837eed693bcb89c3f752169b0e3e7ae5b16ca5e1b3deada", size = 4688, upload-time = "2021-04-26T13:26:03.429Z" },
]

[[package]]
name = "iniconfig"
version = "2.0.0"
source = { registry = "https://pypi.org/simple" }
sdist = { url = "https://files.pythonhosted.org/packages/d7/4b/cbd8e699e64a6f16ca3a8220661b5f83792b3017d0f79807cb8708d33913/iniconfig-2.0.0.tar.gz", hash = "sha256:2d91e135bf72d31a410b17c16da610a82cb55f6b0477d1a902134b24a455b8b3", size = 4646, upload-time = "2023-01-07T11:08:11.254Z" }
wheels = [
    { url = "https://files.pythonhosted.org/packages/ef/a6/62565a6e1cf69e10f5727360368e451d4b7f58beeac6173dc9db836a5b46/iniconfig-2.0.0-py3-none-any.whl", hash = "sha256:b6a85871a79d2e3b22d2d1b94ac2824226a63c6b741c88f7ae975f18b6778374", size = 5892, upload-time = "2023-01-07T11:08:09.864Z" },
]

[[package]]
name = "isort"
version = "5.12.0"
source = { registry = "https://pypi.org/simple" }
sdist = { url = "https://files.pythonhosted.org/packages/a9/c4/dc00e42c158fc4dda2afebe57d2e948805c06d5169007f1724f0683010a9/isort-5.12.0.tar.gz", hash = "sha256:8bef7dde241278824a6d83f44a544709b065191b95b6e50894bdc722fcba0504", size = 174643, upload-time = "2023-01-28T17:10:22.636Z" }
wheels = [
    { url = "https://files.pythonhosted.org/packages/0a/63/4036ae70eea279c63e2304b91ee0ac182f467f24f86394ecfe726092340b/isort-5.12.0-py3-none-any.whl", hash = "sha256:f84c2818376e66cf843d497486ea8fed8700b340f308f076c6fb1229dff318b6", size = 91198, upload-time = "2023-01-28T17:10:21.149Z" },
]

[[package]]
name = "mypy"
version = "1.4.0"
source = { registry = "https://pypi.org/simple" }
dependencies = [
    { name = "mypy-extensions" },
    { name = "typing-extensions" },
]
sdist = { url = "https://files.pythonhosted.org/packages/1b/49/c5c7b9445ee563e09e71382e7fb147480fb85fa2356846488114f61549f8/mypy-1.4.0.tar.gz", hash = "sha256:de1e7e68148a213036276d1f5303b3836ad9a774188961eb2684eddff593b042", size = 2853251, upload-time = "2023-06-20T15:27:05.747Z" }
wheels = [
    { url = "https://files.pythonhosted.org/packages/75/50/a20314f7e126c381ef554ca6285b1dac3ea0b50c8db3115806fe7508dcde/mypy-1.4.0-cp311-cp311-macosx_10_9_x86_64.whl", hash = "sha256:3b1b5c875fcf3e7217a3de7f708166f641ca154b589664c44a6fd6d9f17d9e7e", size = 10337637, upload-time = "2023-06-20T15:26:55.419Z" },
    { url = "https://files.pythonhosted.org/packages/72/38/e03dfc384c8d5bc548a1c901dfeec9c19defafb6205ddaeff6c4f5518741/mypy-1.4.0-cp311-cp311-macosx_11_0_arm64.whl", hash = "sha256:b4c734d947e761c7ceb1f09a98359dd5666460acbc39f7d0a6b6beec373c5840", size = 9444589, upload-time = "2023-06-20T15:27:01.744Z" },
    { url = "https://files.pythonhosted.org/packages/f1/f6/b7d2a173d0df1908f6e6e88b479aaeb6382e76f03b47b8b9bf8617191ef5/mypy-1.4.0-cp311-cp311-manylinux_2_17_x86_64.manylinux2014_x86_64.whl", hash = "sha256:f5984a8d13d35624e3b235a793c814433d810acba9eeefe665cdfed3d08bc3af", size = 11855188, upload-time = "2023-06-20T15:26:00.534Z" },
    { url = "https://files.pythonhosted.org/packages/17/3b/2580c1440612f12436ae65ad9c74001265496a78a518ed1129dc331815fb/mypy-1.4.0-cp311-cp311-musllinux_1_1_x86_64.whl", hash = "sha256:0f98973e39e4a98709546a9afd82e1ffcc50c6ec9ce6f7870f33ebbf0bd4f26d", size = 11929212, upload-time = "2023-06-20T15:26:19.365Z" },
    { url = "https://files.pythonhosted.org/packages/15/4e/b298fe05463760925a4fb8540539be4a80f9d5bca52960f68f5a2bcf054a/mypy-1.4.0-cp311-cp311-win_amd64.whl", hash = "sha256:19d42b08c7532d736a7e0fb29525855e355fa51fd6aef4f9bbc80749ff64b1a2", size = 8828260, upload-time = "2023-06-20T15:26:33.964Z" },
    { url = "https://files.pythonhosted.org/packages/03/75/f6bee7491c41777c96ae7c328c92fe3c5695b39329a2ec2cf4947325a825/mypy-1.4.0-py3-none-any.whl", hash = "sha256:f051ca656be0c179c735a4c3193f307d34c92fdc4908d44fd4516fbe8b10567d", size = 2451391, upload-time = "2023-06-20T15:26:58.74Z" },
]

[[package]]
name = "mypy-extensions"
version = "1.0.0"
source = { registry = "https://pypi.org/simple" }
sdist = { url = "https://files.pythonhosted.org/packages/98/a4/1ab47638b92648243faf97a5aeb6ea83059cc3624972ab6b8d2316078d3f/mypy_extensions-1.0.0.tar.gz", hash = "sha256:75dbf8955dc00442a438fc4d0666508a9a97b6bd41aa2f0ffe9d2f2725af0782", size = 4433, upload-time = "2023-02-04T12:11:27.157Z" }
wheels = [
    { url = "https://files.pythonhosted.org/packages/2a/e2/5d3f6ada4297caebe1a2add3b126fe800c96f56dbe5d1988a2cbe0b267aa/mypy_extensions-1.0.0-py3-none-any.whl", hash = "sha256:4392f6c0eb8a5668a69e23d168ffa70f0be9ccfd32b5cc2d26a34ae5b844552d", size = 4695, upload-time = "2023-02-04T12:11:25.002Z" },
]

[[package]]
name = "openpyxl"
version = "3.1.4"
source = { registry = "https://pypi.org/simple" }
dependencies = [
    { name = "et-xmlfile" },
]
sdist = { url = "https://files.pythonhosted.org/packages/14/b8/acf74229f1b2d9e961f155e0be04e4629a1b53b3eeb4f2ac35c10032cf1b/openpyxl-3.1.4.tar.gz", hash = "sha256:8d2c8adf5d20d6ce8f9bca381df86b534835e974ed0156dacefa76f68c1d69fb", size = 186697, upload-time = "2024-06-12T17:38:15.793Z" }
wheels = [
    { url = "https://files.pythonhosted.org/packages/30/d0/abcdb0669931be3a98881e6d7851605981693e93a7924061c67d0cd9f292/openpyxl-3.1.4-py2.py3-none-any.whl", hash = "sha256:ec17f6483f2b8f7c88c57e5e5d3b0de0e3fb9ac70edc084d28e864f5b33bbefd", size = 251355, upload-time = "2024-06-12T17:38:13.584Z" },
]

[[package]]
name = "packaging"
version = "23.1"
source = { registry = "https://pypi.org/simple" }
sdist = { url = "https://files.pythonhosted.org/packages/b9/6c/7c6658d258d7971c5eb0d9b69fa9265879ec9a9158031206d47800ae2213/packaging-23.1.tar.gz", hash = "sha256:a392980d2b6cffa644431898be54b0045151319d1e7ec34f0cfed48767dd334f", size = 134240, upload-time = "2023-04-12T16:11:11.76Z" }
wheels = [
    { url = "https://files.pythonhosted.org/packages/ab/c3/57f0601a2d4fe15de7a553c00adbc901425661bf048f2a22dfc500caf121/packaging-23.1-py3-none-any.whl", hash = "sha256:994793af429502c4ea2ebf6bf664629d07c1a9fe974af92966e4b8d2df7edc61", size = 48905, upload-time = "2023-04-12T16:11:09.29Z" },
]

[[package]]
name = "pathspec"
version = "0.11.1"
source = { registry = "https://pypi.org/simple" }
sdist = { url = "https://files.pythonhosted.org/packages/95/60/d93628975242cc515ab2b8f5b2fc831d8be2eff32f5a1be4776d49305d13/pathspec-0.11.1.tar.gz", hash = "sha256:2798de800fa92780e33acca925945e9a19a133b715067cf165b8866c15a31687", size = 45697, upload-time = "2023-03-15T00:56:39.224Z" }
wheels = [
    { url = "https://files.pythonhosted.org/packages/be/c8/551a803a6ebb174ec1c124e68b449b98a0961f0b737def601e3c1fbb4cfd/pathspec-0.11.1-py3-none-any.whl", hash = "sha256:d8af70af76652554bd134c22b3e8a1cc46ed7d91edcdd721ef1a0c51a84a5293", size = 29213, upload-time = "2023-03-15T00:56:37.77Z" },
]

[[package]]
name = "pip"
version = "25.1.1"
source = { registry = "https://pypi.org/simple" }
sdist = { url = "https://files.pythonhosted.org/packages/59/de/241caa0ca606f2ec5fe0c1f4261b0465df78d786a38da693864a116c37f4/pip-25.1.1.tar.gz", hash = "sha256:3de45d411d308d5054c2168185d8da7f9a2cd753dbac8acbfa88a8909ecd9077", size = 1940155, upload-time = "2025-05-02T15:14:02.057Z" }
wheels = [
    { url = "https://files.pythonhosted.org/packages/29/a2/d40fb2460e883eca5199c62cfc2463fd261f760556ae6290f88488c362c0/pip-25.1.1-py3-none-any.whl", hash = "sha256:2913a38a2abf4ea6b64ab507bd9e967f3b53dc1ede74b01b0931e1ce548751af", size = 1825227, upload-time = "2025-05-02T15:13:59.102Z" },
]

[[package]]
name = "pip-tools"
version = "7.4.1"
source = { registry = "https://pypi.org/simple" }
dependencies = [
    { name = "build" },
    { name = "click" },
    { name = "pip" },
    { name = "pyproject-hooks" },
    { name = "setuptools" },
    { name = "wheel" },
]
sdist = { url = "https://files.pythonhosted.org/packages/1a/87/1ef453f10fb0772f43549686f924460cc0a2404b828b348f72c52cb2f5bf/pip-tools-7.4.1.tar.gz", hash = "sha256:864826f5073864450e24dbeeb85ce3920cdfb09848a3d69ebf537b521f14bcc9", size = 145417, upload-time = "2024-03-06T12:13:23.533Z" }
wheels = [
    { url = "https://files.pythonhosted.org/packages/0d/dc/38f4ce065e92c66f058ea7a368a9c5de4e702272b479c0992059f7693941/pip_tools-7.4.1-py3-none-any.whl", hash = "sha256:4c690e5fbae2f21e87843e89c26191f0d9454f362d8acdbd695716493ec8b3a9", size = 61235, upload-time = "2024-03-06T12:13:40.124Z" },
]

[[package]]
name = "platformdirs"
version = "3.7.0"
source = { registry = "https://pypi.org/simple" }
sdist = { url = "https://files.pythonhosted.org/packages/a1/45/ff5224bbf1a9f23d95f70890659a7c2639a25d594adfe4a5ca9221f6cae5/platformdirs-3.7.0.tar.gz", hash = "sha256:87fbf6473e87c078d536980ba970a472422e94f17b752cfad17024c18876d481", size = 18322, upload-time = "2023-06-21T00:41:45.654Z" }
wheels = [
    { url = "https://files.pythonhosted.org/packages/14/62/d8277379c30fc6b0347aaf8ff63e5c9e013e0da95f40ba957c5e098b06c2/platformdirs-3.7.0-py3-none-any.whl", hash = "sha256:cfd065ba43133ff103ab3bd10aecb095c2a0035fcd1f07217c9376900d94ba07", size = 16438, upload-time = "2023-06-21T00:41:44.262Z" },
]

[[package]]
name = "pluggy"
version = "1.0.0"
source = { registry = "https://pypi.org/simple" }
sdist = { url = "https://files.pythonhosted.org/packages/a1/16/db2d7de3474b6e37cbb9c008965ee63835bba517e22cdb8c35b5116b5ce1/pluggy-1.0.0.tar.gz", hash = "sha256:4224373bacce55f955a878bf9cfa763c1e360858e330072059e10bad68531159", size = 51510, upload-time = "2021-08-25T16:26:02.196Z" }
wheels = [
    { url = "https://files.pythonhosted.org/packages/9e/01/f38e2ff29715251cf25532b9082a1589ab7e4f571ced434f98d0139336dc/pluggy-1.0.0-py2.py3-none-any.whl", hash = "sha256:74134bbf457f031a36d68416e1509f34bd5ccc019f0bcc952c7b909d06b37bd3", size = 13667, upload-time = "2021-08-25T16:25:59.674Z" },
]

[[package]]
name = "pydantic"
version = "2.3.0"
source = { registry = "https://pypi.org/simple" }
dependencies = [
    { name = "annotated-types" },
    { name = "pydantic-core" },
    { name = "typing-extensions" },
]
sdist = { url = "https://files.pythonhosted.org/packages/fd/fe/8f08bf18b2c53afb4b358fae6e9b3501e169a2c1c9c0cd96f21a40bb7abd/pydantic-2.3.0.tar.gz", hash = "sha256:1607cc106602284cd4a00882986570472f193fde9cb1259bceeaedb26aa79a6d", size = 623866, upload-time = "2023-08-23T18:59:46.651Z" }
wheels = [
    { url = "https://files.pythonhosted.org/packages/82/06/fafdc75e48b248eff364b4249af4bcc6952225e8f20e8205820afc66e88e/pydantic-2.3.0-py3-none-any.whl", hash = "sha256:45b5e446c6dfaad9444819a293b921a40e1db1aa61ea08aede0522529ce90e81", size = 374513, upload-time = "2023-08-23T18:59:43.72Z" },
]

[[package]]
name = "pydantic-core"
version = "2.6.3"
source = { registry = "https://pypi.org/simple" }
dependencies = [
    { name = "typing-extensions" },
]
sdist = { url = "https://files.pythonhosted.org/packages/cb/fe/8c9363389f8f303fb151895af83ac30e06c0406779fe188b4281a64e4c50/pydantic_core-2.6.3.tar.gz", hash = "sha256:1508f37ba9e3ddc0189e6ff4e2228bd2d3c3a4641cbe8c07177162f76ed696c7", size = 337231, upload-time = "2023-08-23T17:03:24.066Z" }
wheels = [
    { url = "https://files.pythonhosted.org/packages/48/c5/86e2ca533641e7a21354379725f681cfb7980c93cfb4f1e3c03b3260915e/pydantic_core-2.6.3-cp311-cp311-macosx_10_7_x86_64.whl", hash = "sha256:6bcc1ad776fffe25ea5c187a028991c031a00ff92d012ca1cc4714087e575973", size = 1675800, upload-time = "2023-08-23T17:00:31.019Z" },
    { url = "https://files.pythonhosted.org/packages/c4/dc/bbc346df4afa3aa4c9ec2a6d22c9fd31c326a2d99a491055d735519c2a3f/pydantic_core-2.6.3-cp311-cp311-macosx_11_0_arm64.whl", hash = "sha256:df14f6332834444b4a37685810216cc8fe1fe91f447332cd56294c984ecbff1c", size = 1562808, upload-time = "2023-08-23T17:00:32.379Z" },
    { url = "https://files.pythonhosted.org/packages/67/ff/c6df2c938113bc72db40a671eb83c17911f459910807b9644ec828aa9e78/pydantic_core-2.6.3-cp311-cp311-manylinux_2_17_aarch64.manylinux2014_aarch64.whl", hash = "sha256:a0b7486d85293f7f0bbc39b34e1d8aa26210b450bbd3d245ec3d732864009819", size = 1635896, upload-time = "2023-08-23T17:00:33.687Z" },
    { url = "https://files.pythonhosted.org/packages/3c/ee/fde99471baf04184f13651df2f98135b865d5c1a5311ab6c942a2ee7693c/pydantic_core-2.6.3-cp311-cp311-manylinux_2_17_armv7l.manylinux2014_armv7l.whl", hash = "sha256:a892b5b1871b301ce20d40b037ffbe33d1407a39639c2b05356acfef5536d26a", size = 1649563, upload-time = "2023-08-23T17:00:35.822Z" },
    { url = "https://files.pythonhosted.org/packages/49/4f/b19bec3633fce09636d1ae96b8ddcdf29e15c0764efe0176fc40e4afabc0/pydantic_core-2.6.3-cp311-cp311-manylinux_2_17_ppc64le.manylinux2014_ppc64le.whl", hash = "sha256:883daa467865e5766931e07eb20f3e8152324f0adf52658f4d302242c12e2c32", size = 1819354, upload-time = "2023-08-23T17:00:37.225Z" },
    { url = "https://files.pythonhosted.org/packages/4e/3d/051ad07548d576b7b3f8ac8099194215599c668fcb231faffea4b1e38c0a/pydantic_core-2.6.3-cp311-cp311-manylinux_2_17_s390x.manylinux2014_s390x.whl", hash = "sha256:d4eb77df2964b64ba190eee00b2312a1fd7a862af8918ec70fc2d6308f76ac64", size = 2639759, upload-time = "2023-08-23T17:00:39.223Z" },
    { url = "https://files.pythonhosted.org/packages/0b/af/363618764a1d4063407362343b1f5541fc07141176de665c9592ea68a49f/pydantic_core-2.6.3-cp311-cp311-manylinux_2_17_x86_64.manylinux2014_x86_64.whl", hash = "sha256:1ce8c84051fa292a5dc54018a40e2a1926fd17980a9422c973e3ebea017aa8da", size = 1872398, upload-time = "2023-08-23T17:00:40.527Z" },
    { url = "https://files.pythonhosted.org/packages/75/4d/f02a7aa5b63e2c7cdb101f5524a1a0cde5e1210fe7458348964e6649894c/pydantic_core-2.6.3-cp311-cp311-manylinux_2_5_i686.manylinux1_i686.whl", hash = "sha256:22134a4453bd59b7d1e895c455fe277af9d9d9fbbcb9dc3f4a97b8693e7e2c9b", size = 1725789, upload-time = "2023-08-23T17:00:42.533Z" },
    { url = "https://files.pythonhosted.org/packages/75/72/72eff1131f1913aeb78eed21b1c2bdee57b4c41ebc94f81ea8c0d48897c6/pydantic_core-2.6.3-cp311-cp311-musllinux_1_1_aarch64.whl", hash = "sha256:02e1c385095efbd997311d85c6021d32369675c09bcbfff3b69d84e59dc103f6", size = 1816542, upload-time = "2023-08-23T17:00:44.118Z" },
    { url = "https://files.pythonhosted.org/packages/f8/46/cc1c9aeffc74a68f4c53737c2e7d7160fbe3f766e704e7a0d625ca695d2f/pydantic_core-2.6.3-cp311-cp311-musllinux_1_1_x86_64.whl", hash = "sha256:d79f1f2f7ebdb9b741296b69049ff44aedd95976bfee38eb4848820628a99b50", size = 1923788, upload-time = "2023-08-23T17:00:45.623Z" },
    { url = "https://files.pythonhosted.org/packages/ca/15/2de7d8a1905dd8c11706ede05e722e0a8322cdf5cb2efe169c47891fe087/pydantic_core-2.6.3-cp311-none-win32.whl", hash = "sha256:430ddd965ffd068dd70ef4e4d74f2c489c3a313adc28e829dd7262cc0d2dd1e8", size = 1569658, upload-time = "2023-08-23T17:00:47.037Z" },
    { url = "https://files.pythonhosted.org/packages/29/37/eb1c5853ecaac79d2dc19be206fd6732fdfa6a6bf705048d0a1046c5fa8d/pydantic_core-2.6.3-cp311-none-win_amd64.whl", hash = "sha256:84f8bb34fe76c68c9d96b77c60cef093f5e660ef8e43a6cbfcd991017d375950", size = 1747070, upload-time = "2023-08-23T17:00:49.227Z" },
    { url = "https://files.pythonhosted.org/packages/07/c6/93977a6ac3c87f6ab73c10cf1774627a72ccda66ffcf18380c5f098292f6/pydantic_core-2.6.3-cp311-none-win_arm64.whl", hash = "sha256:5a2a3c9ef904dcdadb550eedf3291ec3f229431b0084666e2c2aa8ff99a103a2", size = 1618017, upload-time = "2023-08-23T17:00:51.351Z" },
    { url = "https://files.pythonhosted.org/packages/0b/06/e34be09a8faa1f3cb7b84c504fa958fbae22abad45705cf4ec615d3c81cf/pydantic_core-2.6.3-cp312-cp312-macosx_10_7_x86_64.whl", hash = "sha256:8421cf496e746cf8d6b677502ed9a0d1e4e956586cd8b221e1312e0841c002d5", size = 1669392, upload-time = "2023-08-23T17:00:53.361Z" },
    { url = "https://files.pythonhosted.org/packages/40/4b/676c27610e3495bf2d45753bb49516756df83f4b8e28d49ffa534d22ebc0/pydantic_core-2.6.3-cp312-cp312-macosx_11_0_arm64.whl", hash = "sha256:bb128c30cf1df0ab78166ded1ecf876620fb9aac84d2413e8ea1594b588c735d", size = 1560961, upload-time = "2023-08-23T17:00:56.195Z" },
    { url = "https://files.pythonhosted.org/packages/cb/37/86bec7ed20592bfcaecf4e27ea7608387bef226e19b92b4469d16be1fadd/pydantic_core-2.6.3-cp312-cp312-manylinux_2_17_aarch64.manylinux2014_aarch64.whl", hash = "sha256:37a822f630712817b6ecc09ccc378192ef5ff12e2c9bae97eb5968a6cdf3b862", size = 1631223, upload-time = "2023-08-23T17:00:59.421Z" },
    { url = "https://files.pythonhosted.org/packages/0c/d6/33d8077f152f0f7e5331e5bafe2f03b0c065c6572ca1d4b2d17a6fab5b7a/pydantic_core-2.6.3-cp312-cp312-manylinux_2_17_armv7l.manylinux2014_armv7l.whl", hash = "sha256:240a015102a0c0cc8114f1cba6444499a8a4d0333e178bc504a5c2196defd456", size = 1636410, upload-time = "2023-08-23T17:01:00.886Z" },
    { url = "https://files.pythonhosted.org/packages/7e/23/8c19bbb4d3bdd823e594c0112181f6e76bdcb0f7b064d57e6372d8b72918/pydantic_core-2.6.3-cp312-cp312-manylinux_2_17_ppc64le.manylinux2014_ppc64le.whl", hash = "sha256:3f90e5e3afb11268628c89f378f7a1ea3f2fe502a28af4192e30a6cdea1e7d5e", size = 1813674, upload-time = "2023-08-23T17:01:04.06Z" },
    { url = "https://files.pythonhosted.org/packages/e0/31/4c15dbf79c1a3a5156534506d4d2b1d3d22f17a345bcb8dc69a834d2a9c9/pydantic_core-2.6.3-cp312-cp312-manylinux_2_17_s390x.manylinux2014_s390x.whl", hash = "sha256:340e96c08de1069f3d022a85c2a8c63529fd88709468373b418f4cf2c949fb0e", size = 2556938, upload-time = "2023-08-23T17:01:06.137Z" },
    { url = "https://files.pythonhosted.org/packages/c8/eb/c7432cbca6468f998d5e5d2ecd0b968e8fccd1423eac9a4513182265610c/pydantic_core-2.6.3-cp312-cp312-manylinux_2_17_x86_64.manylinux2014_x86_64.whl", hash = "sha256:1480fa4682e8202b560dcdc9eeec1005f62a15742b813c88cdc01d44e85308e5", size = 1857890, upload-time = "2023-08-23T17:01:07.767Z" },
    { url = "https://files.pythonhosted.org/packages/6c/6e/049b05d470d02f8d11d186a746aededa31ddad82df9a4b7fb7a670cc1cf4/pydantic_core-2.6.3-cp312-cp312-manylinux_2_5_i686.manylinux1_i686.whl", hash = "sha256:f14546403c2a1d11a130b537dda28f07eb6c1805a43dae4617448074fd49c282", size = 1725243, upload-time = "2023-08-23T17:01:09.435Z" },
    { url = "https://files.pythonhosted.org/packages/1f/06/076ef59f71cb139e5b93483ad65da56c4f3e875f1ed54bcfbe0c98457085/pydantic_core-2.6.3-cp312-cp312-musllinux_1_1_aarch64.whl", hash = "sha256:a87c54e72aa2ef30189dc74427421e074ab4561cf2bf314589f6af5b37f45e6d", size = 1812782, upload-time = "2023-08-23T17:01:11.047Z" },
    { url = "https://files.pythonhosted.org/packages/b4/19/9b2685fd637b2aa8a0ed3051782b7d70dbab0cfd824c5649941541f15db5/pydantic_core-2.6.3-cp312-cp312-musllinux_1_1_x86_64.whl", hash = "sha256:f93255b3e4d64785554e544c1c76cd32f4a354fa79e2eeca5d16ac2e7fdd57aa", size = 1921420, upload-time = "2023-08-23T17:01:12.696Z" },
    { url = "https://files.pythonhosted.org/packages/ff/7a/730696eaa6f1190a53236fca7eb013aeff25fd951dbae8a108128ddd982c/pydantic_core-2.6.3-cp312-none-win32.whl", hash = "sha256:f70dc00a91311a1aea124e5f64569ea44c011b58433981313202c46bccbec0e1", size = 1568865, upload-time = "2023-08-23T17:01:14.198Z" },
    { url = "https://files.pythonhosted.org/packages/55/92/714a0af3ce3a34b9f0d11f2abece455174bab68c3fce350ed24fceb7dac9/pydantic_core-2.6.3-cp312-none-win_amd64.whl", hash = "sha256:23470a23614c701b37252618e7851e595060a96a23016f9a084f3f92f5ed5881", size = 1762721, upload-time = "2023-08-23T17:01:15.716Z" },
    { url = "https://files.pythonhosted.org/packages/ae/9f/eda26f38f76ea7cb47ad1dc0d4597c504cf8dc9376b74195b272d4d00ca5/pydantic_core-2.6.3-cp312-none-win_arm64.whl", hash = "sha256:1ac1750df1b4339b543531ce793b8fd5c16660a95d13aecaab26b44ce11775e9", size = 1632348, upload-time = "2023-08-23T17:01:17.346Z" },
]

[[package]]
name = "pydocstyle"
version = "6.3.0"
source = { registry = "https://pypi.org/simple" }
dependencies = [
    { name = "snowballstemmer" },
]
sdist = { url = "https://files.pythonhosted.org/packages/e9/5c/d5385ca59fd065e3c6a5fe19f9bc9d5ea7f2509fa8c9c22fb6b2031dd953/pydocstyle-6.3.0.tar.gz", hash = "sha256:7ce43f0c0ac87b07494eb9c0b462c0b73e6ff276807f204d6b53edc72b7e44e1", size = 36796, upload-time = "2023-01-17T20:29:19.838Z" }
wheels = [
    { url = "https://files.pythonhosted.org/packages/36/ea/99ddefac41971acad68f14114f38261c1f27dac0b3ec529824ebc739bdaa/pydocstyle-6.3.0-py3-none-any.whl", hash = "sha256:118762d452a49d6b05e194ef344a55822987a462831ade91ec5c06fd2169d019", size = 38038, upload-time = "2023-01-17T20:29:18.094Z" },
]

[[package]]
name = "pyproject-hooks"
version = "1.2.0"
source = { registry = "https://pypi.org/simple" }
sdist = { url = "https://files.pythonhosted.org/packages/e7/82/28175b2414effca1cdac8dc99f76d660e7a4fb0ceefa4b4ab8f5f6742925/pyproject_hooks-1.2.0.tar.gz", hash = "sha256:1e859bd5c40fae9448642dd871adf459e5e2084186e8d2c2a79a824c970da1f8", size = 19228, upload-time = "2024-09-29T09:24:13.293Z" }
wheels = [
    { url = "https://files.pythonhosted.org/packages/bd/24/12818598c362d7f300f18e74db45963dbcb85150324092410c8b49405e42/pyproject_hooks-1.2.0-py3-none-any.whl", hash = "sha256:9e5c6bfa8dcc30091c74b0cf803c81fdd29d94f01992a7707bc97babb1141913", size = 10216, upload-time = "2024-09-29T09:24:11.978Z" },
]

[[package]]
name = "pytest"
version = "7.3.2"
source = { registry = "https://pypi.org/simple" }
dependencies = [
    { name = "colorama", marker = "sys_platform == 'win32'" },
    { name = "iniconfig" },
    { name = "packaging" },
    { name = "pluggy" },
]
sdist = { url = "https://files.pythonhosted.org/packages/58/2a/07c65fdc40846ecb8a9dcda2c38fcb5a06a3e39d08d4a4960916431951cb/pytest-7.3.2.tar.gz", hash = "sha256:ee990a3cc55ba808b80795a79944756f315c67c12b56abd3ac993a7b8c17030b", size = 1338457, upload-time = "2023-06-10T19:28:53.107Z" }
wheels = [
    { url = "https://files.pythonhosted.org/packages/7a/d0/de969198293cdea22b3a6fb99a99aeeddb7b3827f0823b33c5dc0734bbe5/pytest-7.3.2-py3-none-any.whl", hash = "sha256:cdcbd012c9312258922f8cd3f1b62a6580fdced17db6014896053d47cddf9295", size = 320900, upload-time = "2023-06-10T19:28:50.763Z" },
]

[[package]]
name = "rules-engine"
version = "0.0.1"
source = { editable = "." }
dependencies = [
    { name = "pydantic" },
]

[package.optional-dependencies]
dev = [
    { name = "black" },
    { name = "chardet" },
    { name = "isort" },
    { name = "mypy" },
    { name = "openpyxl" },
    { name = "pip-tools" },
    { name = "pydantic" },
    { name = "pydocstyle" },
    { name = "pytest" },
    { name = "types-openpyxl" },
]

[package.dev-dependencies]
dev = [
    { name = "rules-engine" },
]

[package.metadata]
requires-dist = [
    { name = "black", marker = "extra == 'dev'" },
    { name = "chardet", marker = "extra == 'dev'" },
    { name = "isort", marker = "extra == 'dev'" },
    { name = "mypy", marker = "extra == 'dev'" },
    { name = "openpyxl", marker = "extra == 'dev'" },
    { name = "pip-tools", marker = "extra == 'dev'" },
    { name = "pydantic" },
    { name = "pydantic", marker = "extra == 'dev'" },
    { name = "pydocstyle", marker = "extra == 'dev'" },
    { name = "pytest", marker = "extra == 'dev'" },
    { name = "types-openpyxl", marker = "extra == 'dev'" },
]
provides-extras = ["dev"]

[package.metadata.requires-dev]
dev = [{ name = "rules-engine", editable = "." }]

[[package]]
name = "setuptools"
version = "80.9.0"
source = { registry = "https://pypi.org/simple" }
sdist = { url = "https://files.pythonhosted.org/packages/18/5d/3bf57dcd21979b887f014ea83c24ae194cfcd12b9e0fda66b957c69d1fca/setuptools-80.9.0.tar.gz", hash = "sha256:f36b47402ecde768dbfafc46e8e4207b4360c654f1f3bb84475f0a28628fb19c", size = 1319958, upload-time = "2025-05-27T00:56:51.443Z" }
wheels = [
    { url = "https://files.pythonhosted.org/packages/a3/dc/17031897dae0efacfea57dfd3a82fdd2a2aeb58e0ff71b77b87e44edc772/setuptools-80.9.0-py3-none-any.whl", hash = "sha256:062d34222ad13e0cc312a4c02d73f059e86a4acbfbdea8f8f76b28c99f306922", size = 1201486, upload-time = "2025-05-27T00:56:49.664Z" },
]

[[package]]
name = "snowballstemmer"
version = "2.2.0"
source = { registry = "https://pypi.org/simple" }
sdist = { url = "https://files.pythonhosted.org/packages/44/7b/af302bebf22c749c56c9c3e8ae13190b5b5db37a33d9068652e8f73b7089/snowballstemmer-2.2.0.tar.gz", hash = "sha256:09b16deb8547d3412ad7b590689584cd0fe25ec8db3be37788be3810cbf19cb1", size = 86699, upload-time = "2021-11-16T18:38:38.009Z" }
wheels = [
    { url = "https://files.pythonhosted.org/packages/ed/dc/c02e01294f7265e63a7315fe086dd1df7dacb9f840a804da846b96d01b96/snowballstemmer-2.2.0-py2.py3-none-any.whl", hash = "sha256:c8e1716e83cc398ae16824e5572ae04e0d9fc2c6b985fb0f900f5f0c96ecba1a", size = 93002, upload-time = "2021-11-16T18:38:34.792Z" },
]

[[package]]
name = "types-openpyxl"
version = "3.1.4.20240626"
source = { registry = "https://pypi.org/simple" }
sdist = { url = "https://files.pythonhosted.org/packages/08/65/5ccd5925a6613d363d22feb23d56b919e15ed8559ed599db4b5cf380428f/types-openpyxl-3.1.4.20240626.tar.gz", hash = "sha256:e3d677994fed637c54ec2115b2c860ec286977e76302c12a32fd5e4725698ef8", size = 95027, upload-time = "2024-06-26T02:25:46.389Z" }
wheels = [
    { url = "https://files.pythonhosted.org/packages/d8/6c/62af6df5fad6ad2a7814ce2bd15fc878329e2528f99ae3ab3438236ec347/types_openpyxl-3.1.4.20240626-py3-none-any.whl", hash = "sha256:42a9a937ab422f8b1b5968d8baedb6557f10d418d1e2884ed8104295ea3f374b", size = 161082, upload-time = "2024-06-26T02:25:44.633Z" },
]

[[package]]
name = "typing-extensions"
version = "4.8.0"
source = { registry = "https://pypi.org/simple" }
sdist = { url = "https://files.pythonhosted.org/packages/1f/7a/8b94bb016069caa12fc9f587b28080ac33b4fbb8ca369b98bc0a4828543e/typing_extensions-4.8.0.tar.gz", hash = "sha256:df8e4339e9cb77357558cbdbceca33c303714cf861d1eef15e1070055ae8b7ef", size = 71456, upload-time = "2023-09-18T04:01:56.846Z" }
wheels = [
    { url = "https://files.pythonhosted.org/packages/24/21/7d397a4b7934ff4028987914ac1044d3b7d52712f30e2ac7a2ae5bc86dd0/typing_extensions-4.8.0-py3-none-any.whl", hash = "sha256:8f92fc8806f9a6b641eaa5318da32b44d401efaac0f6678c9bc448ba3605faa0", size = 31584, upload-time = "2023-09-18T04:01:55.398Z" },
]

[[package]]
name = "wheel"
version = "0.45.1"
source = { registry = "https://pypi.org/simple" }
sdist = { url = "https://files.pythonhosted.org/packages/8a/98/2d9906746cdc6a6ef809ae6338005b3f21bb568bea3165cfc6a243fdc25c/wheel-0.45.1.tar.gz", hash = "sha256:661e1abd9198507b1409a20c02106d9670b2576e916d58f520316666abca6729", size = 107545, upload-time = "2024-11-23T00:18:23.513Z" }
wheels = [
    { url = "https://files.pythonhosted.org/packages/0b/2c/87f3254fd8ffd29e4c02732eee68a83a1d3c346ae39bc6822dcbcb697f2b/wheel-0.45.1-py3-none-any.whl", hash = "sha256:708e7481cc80179af0e556bbf0cc00b8444c7321e2700b8d8580231d13017248", size = 72494, upload-time = "2024-11-23T00:18:21.207Z" },
]
